{
  "name": "@internal/examples",
  "version": "1.0.0",
  "lockfileVersion": 3,
  "requires": true,
  "packages": {
    "": {
      "name": "@internal/examples",
      "version": "1.0.0",
      "license": "MIT",
      "dependencies": {
        "regexp-worker": ".."
      }
    },
    "..": {
      "version": "4.0.1",
      "license": "MIT",
      "devDependencies": {
        "@arethetypeswrong/cli": "^0.18.2",
        "@eslint/js": "^9.29.0",
        "@tsconfig/node20": "^20.1.6",
        "@types/node": "^18.19.112",
        "@vitest/coverage-istanbul": "^3.2.4",
        "cross-env": "^7.0.3",
        "eslint": "^9.29.0",
        "eslint-plugin-simple-import-sort": "^12.1.1",
        "globals": "^16.2.0",
        "lorem-ipsum": "^2.0.8",
        "prettier": "^3.5.3",
        "shx": "^0.4.0",
        "tsdown": "^0.12.8",
        "typescript": "^5.8.3",
        "typescript-eslint": "^8.34.1",
        "vitest": "^3.2.4"
      },
      "engines": {
        "node": ">= 20.0.0"
      }
    },
    "node_modules/regexp-worker": {
      "resolved": "..",
      "link": true
    }
  }
}
